
Microsoft Visual Studio Solution File, Format Version 12.00
# Visual Studio 15
VisualStudioVersion = 15.0.28307.329
MinimumVisualStudioVersion = 10.0.40219.1
Project("{FAE04EC0-301F-11D3-BF4B-00C04F79EFBC}") = "TR", "TR\TR.csproj", "{D6003A96-BD05-4A9E-B53D-FACE96F4E6B5}"
EndProject
Global
	GlobalSection(SolutionConfigurationPlatforms) = preSolution
		Debug|Any CPU = Debug|Any CPU
		Release|Any CPU = Release|Any CPU
	EndGlobalSection
	GlobalSection(ProjectConfigurationPlatforms) = postSolution
		{D6003A96-BD05-4A9E-B53D-FACE96F4E6B5}.Debug|Any CPU.ActiveCfg = Debug|Any CPU
		{D6003A96-BD05-4A9E-B53D-FACE96F4E6B5}.Debug|Any CPU.Build.0 = Debug|Any CPU
		{D6003A96-BD05-4A9E-B53D-FACE96F4E6B5}.Release|Any CPU.ActiveCfg = Release|Any CPU
		{D6003A96-BD05-4A9E-B53D-FACE96F4E6B5}.Release|Any CPU.Build.0 = Release|Any CPU
	EndGlobalSection
	GlobalSection(SolutionProperties) = preSolution
		HideSolutionNode = FALSE
	EndGlobalSection
	GlobalSection(ExtensibilityGlobals) = postSolution
		SolutionGuid = {3CC7ED41-2FD1-44D0-B438-DF36EC3C255B}
	EndGlobalSection
EndGlobal
